
Microsoft Visual Studio Solution File, Format Version 10.00
# Visual Studio 2008
# SharpDevelop 3.0.0.3800
Project("{FAE04EC0-301F-11D3-BF4B-00C04F79EFBC}") = "monobridgeai", "monobridgeai\monobridgeai.csproj", "{C148D37E-E0EE-4638-9DBD-F6786A99C294}"
EndProject
Project("{FAE04EC0-301F-11D3-BF4B-00C04F79EFBC}") = "monobridgeai-interop", "monobridgeai-interop\monobridgeai-interop.csproj", "{5CCAD223-24DC-475F-AD0F-8822D13C42FA}"
EndProject
Project("{FAE04EC0-301F-11D3-BF4B-00C04F79EFBC}") = "StarcraftBot", "StarcraftBot\StarcraftBot.csproj", "{50396F31-20FC-4525-8037-862E6CA06977}"
EndProject
Global
	GlobalSection(SolutionConfigurationPlatforms) = preSolution
		Debug|Any CPU = Debug|Any CPU
		Release|Any CPU = Release|Any CPU
	EndGlobalSection
	GlobalSection(ProjectConfigurationPlatforms) = postSolution
		{50396F31-20FC-4525-8037-862E6CA06977}.Debug|Any CPU.ActiveCfg = Debug|Any CPU
		{50396F31-20FC-4525-8037-862E6CA06977}.Debug|Any CPU.Build.0 = Debug|Any CPU
		{50396F31-20FC-4525-8037-862E6CA06977}.Release|Any CPU.ActiveCfg = Release|Any CPU
		{5CCAD223-24DC-475F-AD0F-8822D13C42FA}.Debug|Any CPU.ActiveCfg = Debug|Any CPU
		{5CCAD223-24DC-475F-AD0F-8822D13C42FA}.Debug|Any CPU.Build.0 = Debug|Any CPU
		{5CCAD223-24DC-475F-AD0F-8822D13C42FA}.Release|Any CPU.ActiveCfg = Release|Any CPU
		{C148D37E-E0EE-4638-9DBD-F6786A99C294}.Debug|Any CPU.ActiveCfg = Debug|Any CPU
		{C148D37E-E0EE-4638-9DBD-F6786A99C294}.Debug|Any CPU.Build.0 = Debug|Any CPU
		{C148D37E-E0EE-4638-9DBD-F6786A99C294}.Release|Any CPU.ActiveCfg = Release|Any CPU
		{50396F31-20FC-4525-8037-862E6CA06977}.Release|Any CPU.Build.0 = Release|Any CPU
		{5CCAD223-24DC-475F-AD0F-8822D13C42FA}.Release|Any CPU.Build.0 = Release|Any CPU
		{C148D37E-E0EE-4638-9DBD-F6786A99C294}.Release|Any CPU.Build.0 = Release|Any CPU
	EndGlobalSection
	GlobalSection(MonoDevelopProperties) = preSolution
		StartupItem = monobridgeai\monobridgeai.csproj
	EndGlobalSection
EndGlobal
