
Microsoft Visual Studio Solution File, Format Version 10.00
# Visual Studio 2008
Project("{8BC9CEB8-8B4A-11D0-8D11-00A0C91BC942}") = "bwapi-native", "bwapi-native\bwapi-native.vcproj", "{B64E26AE-1B34-4C89-9DEB-AC76CAB17914}"
EndProject
Project("{FAE04EC0-301F-11D3-BF4B-00C04F79EFBC}") = "bwapi-clr", "bwapi-clr\bwapi-clr.csproj", "{6657C37C-4F1B-4972-AAB0-B395EE5F53DF}"
EndProject
Project("{FAE04EC0-301F-11D3-BF4B-00C04F79EFBC}") = "testbot", "testbot\testbot.csproj", "{1C5B29FD-973D-4FE9-BD94-B29A869330C2}"
EndProject
Global
	GlobalSection(SolutionConfigurationPlatforms) = preSolution
		Debug|Any CPU = Debug|Any CPU
		Debug|Mixed Platforms = Debug|Mixed Platforms
		Debug|Win32 = Debug|Win32
		Release|Any CPU = Release|Any CPU
		Release|Mixed Platforms = Release|Mixed Platforms
		Release|Win32 = Release|Win32
	EndGlobalSection
	GlobalSection(ProjectConfigurationPlatforms) = postSolution
		{B64E26AE-1B34-4C89-9DEB-AC76CAB17914}.Debug|Any CPU.ActiveCfg = Debug|Win32
		{B64E26AE-1B34-4C89-9DEB-AC76CAB17914}.Debug|Mixed Platforms.ActiveCfg = Debug|Win32
		{B64E26AE-1B34-4C89-9DEB-AC76CAB17914}.Debug|Mixed Platforms.Build.0 = Debug|Win32
		{B64E26AE-1B34-4C89-9DEB-AC76CAB17914}.Debug|Win32.ActiveCfg = Debug|Win32
		{B64E26AE-1B34-4C89-9DEB-AC76CAB17914}.Debug|Win32.Build.0 = Debug|Win32
		{B64E26AE-1B34-4C89-9DEB-AC76CAB17914}.Release|Any CPU.ActiveCfg = Release|Win32
		{B64E26AE-1B34-4C89-9DEB-AC76CAB17914}.Release|Mixed Platforms.ActiveCfg = Release|Win32
		{B64E26AE-1B34-4C89-9DEB-AC76CAB17914}.Release|Mixed Platforms.Build.0 = Release|Win32
		{B64E26AE-1B34-4C89-9DEB-AC76CAB17914}.Release|Win32.ActiveCfg = Release|Win32
		{B64E26AE-1B34-4C89-9DEB-AC76CAB17914}.Release|Win32.Build.0 = Release|Win32
		{6657C37C-4F1B-4972-AAB0-B395EE5F53DF}.Debug|Any CPU.ActiveCfg = Debug|Any CPU
		{6657C37C-4F1B-4972-AAB0-B395EE5F53DF}.Debug|Any CPU.Build.0 = Debug|Any CPU
		{6657C37C-4F1B-4972-AAB0-B395EE5F53DF}.Debug|Mixed Platforms.ActiveCfg = Debug|Any CPU
		{6657C37C-4F1B-4972-AAB0-B395EE5F53DF}.Debug|Mixed Platforms.Build.0 = Debug|Any CPU
		{6657C37C-4F1B-4972-AAB0-B395EE5F53DF}.Debug|Win32.ActiveCfg = Debug|Any CPU
		{6657C37C-4F1B-4972-AAB0-B395EE5F53DF}.Release|Any CPU.ActiveCfg = Release|Any CPU
		{6657C37C-4F1B-4972-AAB0-B395EE5F53DF}.Release|Any CPU.Build.0 = Release|Any CPU
		{6657C37C-4F1B-4972-AAB0-B395EE5F53DF}.Release|Mixed Platforms.ActiveCfg = Release|Any CPU
		{6657C37C-4F1B-4972-AAB0-B395EE5F53DF}.Release|Mixed Platforms.Build.0 = Release|Any CPU
		{6657C37C-4F1B-4972-AAB0-B395EE5F53DF}.Release|Win32.ActiveCfg = Release|Any CPU
		{1C5B29FD-973D-4FE9-BD94-B29A869330C2}.Debug|Any CPU.ActiveCfg = Debug|Any CPU
		{1C5B29FD-973D-4FE9-BD94-B29A869330C2}.Debug|Any CPU.Build.0 = Debug|Any CPU
		{1C5B29FD-973D-4FE9-BD94-B29A869330C2}.Debug|Mixed Platforms.ActiveCfg = Debug|Any CPU
		{1C5B29FD-973D-4FE9-BD94-B29A869330C2}.Debug|Mixed Platforms.Build.0 = Debug|Any CPU
		{1C5B29FD-973D-4FE9-BD94-B29A869330C2}.Debug|Win32.ActiveCfg = Debug|Any CPU
		{1C5B29FD-973D-4FE9-BD94-B29A869330C2}.Release|Any CPU.ActiveCfg = Release|Any CPU
		{1C5B29FD-973D-4FE9-BD94-B29A869330C2}.Release|Any CPU.Build.0 = Release|Any CPU
		{1C5B29FD-973D-4FE9-BD94-B29A869330C2}.Release|Mixed Platforms.ActiveCfg = Release|Any CPU
		{1C5B29FD-973D-4FE9-BD94-B29A869330C2}.Release|Mixed Platforms.Build.0 = Release|Any CPU
		{1C5B29FD-973D-4FE9-BD94-B29A869330C2}.Release|Win32.ActiveCfg = Release|Any CPU
	EndGlobalSection
	GlobalSection(SolutionProperties) = preSolution
		HideSolutionNode = FALSE
	EndGlobalSection
EndGlobal
